{
  "name": "StudentSection",
  "lockfileVersion": 3,
  "requires": true,
  "packages": {
    "": {
      "dependencies": {
        "@stripe/connect-js": "^3.3.25",
        "@stripe/react-connect-js": "^3.3.24"
      }
    },
    "node_modules/@stripe/connect-js": {
      "version": "3.3.25",
      "resolved": "https://registry.npmjs.org/@stripe/connect-js/-/connect-js-3.3.25.tgz",
      "integrity": "sha512-s7EWnUUrrFFQN9achSurhlNkLJ3BH+oTcT/AyUGd8l16cnpIiejibndnC5M20B/tZ8y0kcDlGgA7p39v4bg5eQ=="
    },
    "node_modules/@stripe/react-connect-js": {
      "version": "3.3.24",
      "resolved": "https://registry.npmjs.org/@stripe/react-connect-js/-/react-connect-js-3.3.24.tgz",
      "integrity": "sha512-xPtHin5cD2yqfOXWFCywzqKk68Y58hpKTiqknzLnP4mMKCjH+v3j7azd/0Vxeb5NFYV9sz1o4FUkrdxgs5K9Bg==",
      "peerDependencies": {
        "@stripe/connect-js": ">=3.3.24",
        "react": ">=16.8.0",
        "react-dom": ">=16.8.0"
      }
    },
    "node_modules/react": {
      "version": "19.1.0",
      "resolved": "https://registry.npmjs.org/react/-/react-19.1.0.tgz",
      "integrity": "sha512-FS+XFBNvn3GTAWq26joslQgWNoFu08F4kl0J4CgdNKADkdSGXQyTCnKteIAJy96Br6YbpEU1LSzV5dYtjMkMDg==",
      "peer": true,
      "engines": {
        "node": ">=0.10.0"
      }
    },
    "node_modules/react-dom": {
      "version": "19.1.0",
      "resolved": "https://registry.npmjs.org/react-dom/-/react-dom-19.1.0.tgz",
      "integrity": "sha512-Xs1hdnE+DyKgeHJeJznQmYMIBG3TKIHJJT95Q58nHLSrElKlGQqDTR2HQ9fx5CN/Gk6Vh/kupBTDLU11/nDk/g==",
      "peer": true,
      "dependencies": {
        "scheduler": "^0.26.0"
      },
      "peerDependencies": {
        "react": "^19.1.0"
      }
    },
    "node_modules/scheduler": {
      "version": "0.26.0",
      "resolved": "https://registry.npmjs.org/scheduler/-/scheduler-0.26.0.tgz",
      "integrity": "sha512-NlHwttCI/l5gCPR3D1nNXtWABUmBwvZpEQiD4IXSbIDq8BzLIK/7Ir5gTFSGZDUu37K5cMNp0hFtzO38sC7gWA==",
      "peer": true
    }
  }
}
